// !$*UTF8*$!
{
	archiveVersion = 1;
	classes = {
	};
	objectVersion = 46;
	objects = {

/* Begin PBXBuildFile section */
		F9AC05191A7D1A0500F30924 /* AppDelegate.swift in Sources */ = {isa = PBXBuildFile; fileRef = F9AC05181A7D1A0500F30924 /* AppDelegate.swift */; };
		F9AC051B1A7D1A0500F30924 /* ViewController.swift in Sources */ = {isa = PBXBuildFile; fileRef = F9AC051A1A7D1A0500F30924 /* ViewController.swift */; };
		F9AC051E1A7D1A0500F30924 /* Main.storyboard in Resources */ = {isa = PBXBuildFile; fileRef = F9AC051C1A7D1A0500F30924 /* Main.storyboard */; };
		F9AC05201A7D1A0500F30924 /* Images.xcassets in Resources */ = {isa = PBXBuildFile; fileRef = F9AC051F1A7D1A0500F30924 /* Images.xcassets */; };
		F9AC05231A7D1A0500F30924 /* LaunchScreen.xib in Resources */ = {isa = PBXBuildFile; fileRef = F9AC05211A7D1A0500F30924 /* LaunchScreen.xib */; };
		F9AC052F1A7D1A0500F30924 /* customCellsTests.swift in Sources */ = {isa = PBXBuildFile; fileRef = F9AC052E1A7D1A0500F30924 /* customCellsTests.swift */; };
		F9AC053A1A7D1AF800F30924 /* TVCCellA.swift in Sources */ = {isa = PBXBuildFile; fileRef = F9AC05381A7D1AF800F30924 /* TVCCellA.swift */; };
		F9AC053B1A7D1AF800F30924 /* TVCCellA.xib in Resources */ = {isa = PBXBuildFile; fileRef = F9AC05391A7D1AF800F30924 /* TVCCellA.xib */; };
		F9AC053E1A7D1C0700F30924 /* TVCCellB.swift in Sources */ = {isa = PBXBuildFile; fileRef = F9AC053C1A7D1C0700F30924 /* TVCCellB.swift */; };
		F9AC053F1A7D1C0700F30924 /* TVCCellB.xib in Resources */ = {isa = PBXBuildFile; fileRef = F9AC053D1A7D1C0700F30924 /* TVCCellB.xib */; };
/* End PBXBuildFile section */

/* Begin PBXContainerItemProxy section */
		F9AC05291A7D1A0500F30924 /* PBXContainerItemProxy */ = {
			isa = PBXContainerItemProxy;
			containerPortal = F9AC050B1A7D1A0500F30924 /* Project object */;
			proxyType = 1;
			remoteGlobalIDString = F9AC05121A7D1A0500F30924;
			remoteInfo = customCells;
		};
/* End PBXContainerItemProxy section */

/* Begin PBXFileReference section */
		F9AC05131A7D1A0500F30924 /* customCells.app */ = {isa = PBXFileReference; explicitFileType = wrapper.application; includeInIndex = 0; path = customCells.app; sourceTree = BUILT_PRODUCTS_DIR; };
		F9AC05171A7D1A0500F30924 /* Info.plist */ = {isa = PBXFileReference; lastKnownFileType = text.plist.xml; path = Info.plist; sourceTree = "<group>"; };
		F9AC05181A7D1A0500F30924 /* AppDelegate.swift */ = {isa = PBXFileReference; lastKnownFileType = sourcecode.swift; path = AppDelegate.swift; sourceTree = "<group>"; };
		F9AC051A1A7D1A0500F30924 /* ViewController.swift */ = {isa = PBXFileReference; lastKnownFileType = sourcecode.swift; path = ViewController.swift; sourceTree = "<group>"; };
		F9AC051D1A7D1A0500F30924 /* Base */ = {isa = PBXFileReference; lastKnownFileType = file.storyboard; name = Base; path = Base.lproj/Main.storyboard; sourceTree = "<group>"; };
		F9AC051F1A7D1A0500F30924 /* Images.xcassets */ = {isa = PBXFileReference; lastKnownFileType = folder.assetcatalog; path = Images.xcassets; sourceTree = "<group>"; };
		F9AC05221A7D1A0500F30924 /* Base */ = {isa = PBXFileReference; lastKnownFileType = file.xib; name = Base; path = Base.lproj/LaunchScreen.xib; sourceTree = "<group>"; };
		F9AC05281A7D1A0500F30924 /* customCellsTests.xctest */ = {isa = PBXFileReference; explicitFileType = wrapper.cfbundle; includeInIndex = 0; path = customCellsTests.xctest; sourceTree = BUILT_PRODUCTS_DIR; };
		F9AC052D1A7D1A0500F30924 /* Info.plist */ = {isa = PBXFileReference; lastKnownFileType = text.plist.xml; path = Info.plist; sourceTree = "<group>"; };
		F9AC052E1A7D1A0500F30924 /* customCellsTests.swift */ = {isa = PBXFileReference; lastKnownFileType = sourcecode.swift; path = customCellsTests.swift; sourceTree = "<group>"; };
		F9AC05381A7D1AF800F30924 /* TVCCellA.swift */ = {isa = PBXFileReference; fileEncoding = 4; lastKnownFileType = sourcecode.swift; path = TVCCellA.swift; sourceTree = "<group>"; };
		F9AC05391A7D1AF800F30924 /* TVCCellA.xib */ = {isa = PBXFileReference; fileEncoding = 4; lastKnownFileType = file.xib; path = TVCCellA.xib; sourceTree = "<group>"; };
		F9AC053C1A7D1C0700F30924 /* TVCCellB.swift */ = {isa = PBXFileReference; fileEncoding = 4; lastKnownFileType = sourcecode.swift; path = TVCCellB.swift; sourceTree = "<group>"; };
		F9AC053D1A7D1C0700F30924 /* TVCCellB.xib */ = {isa = PBXFileReference; fileEncoding = 4; lastKnownFileType = file.xib; path = TVCCellB.xib; sourceTree = "<group>"; };
/* End PBXFileReference section */

/* Begin PBXFrameworksBuildPhase section */
		F9AC05101A7D1A0500F30924 /* Frameworks */ = {
			isa = PBXFrameworksBuildPhase;
			buildActionMask = 2147483647;
			files = (
			);
			runOnlyForDeploymentPostprocessing = 0;
		};
		F9AC05251A7D1A0500F30924 /* Frameworks */ = {
			isa = PBXFrameworksBuildPhase;
			buildActionMask = 2147483647;
			files = (
			);
			runOnlyForDeploymentPostprocessing = 0;
		};
/* End PBXFrameworksBuildPhase section */

/* Begin PBXGroup section */
		F9AC050A1A7D1A0500F30924 = {
			isa = PBXGroup;
			children = (
				F9AC05151A7D1A0500F30924 /* customCells */,
				F9AC052B1A7D1A0500F30924 /* customCellsTests */,
				F9AC05141A7D1A0500F30924 /* Products */,
			);
			sourceTree = "<group>";
		};
		F9AC05141A7D1A0500F30924 /* Products */ = {
			isa = PBXGroup;
			children = (
				F9AC05131A7D1A0500F30924 /* customCells.app */,
				F9AC05281A7D1A0500F30924 /* customCellsTests.xctest */,
			);
			name = Products;
			sourceTree = "<group>";
		};
		F9AC05151A7D1A0500F30924 /* customCells */ = {
			isa = PBXGroup;
			children = (
				F9AC05181A7D1A0500F30924 /* AppDelegate.swift */,
				F9AC051A1A7D1A0500F30924 /* ViewController.swift */,
				F9AC051C1A7D1A0500F30924 /* Main.storyboard */,
				F9AC05381A7D1AF800F30924 /* TVCCellA.swift */,
				F9AC05391A7D1AF800F30924 /* TVCCellA.xib */,
				F9AC053C1A7D1C0700F30924 /* TVCCellB.swift */,
				F9AC053D1A7D1C0700F30924 /* TVCCellB.xib */,
				F9AC051F1A7D1A0500F30924 /* Images.xcassets */,
				F9AC05211A7D1A0500F30924 /* LaunchScreen.xib */,
				F9AC05161A7D1A0500F30924 /* Supporting Files */,
			);
			path = customCells;
			sourceTree = "<group>";
		};
		F9AC05161A7D1A0500F30924 /* Supporting Files */ = {
			isa = PBXGroup;
			children = (
				F9AC05171A7D1A0500F30924 /* Info.plist */,
			);
			name = "Supporting Files";
			sourceTree = "<group>";
		};
		F9AC052B1A7D1A0500F30924 /* customCellsTests */ = {
			isa = PBXGroup;
			children = (
				F9AC052E1A7D1A0500F30924 /* customCellsTests.swift */,
				F9AC052C1A7D1A0500F30924 /* Supporting Files */,
			);
			path = customCellsTests;
			sourceTree = "<group>";
		};
		F9AC052C1A7D1A0500F30924 /* Supporting Files */ = {
			isa = PBXGroup;
			children = (
				F9AC052D1A7D1A0500F30924 /* Info.plist */,
			);
			name = "Supporting Files";
			sourceTree = "<group>";
		};
/* End PBXGroup section */

/* Begin PBXNativeTarget section */
		F9AC05121A7D1A0500F30924 /* customCells */ = {
			isa = PBXNativeTarget;
			buildConfigurationList = F9AC05321A7D1A0500F30924 /* Build configuration list for PBXNativeTarget "customCells" */;
			buildPhases = (
				F9AC050F1A7D1A0500F30924 /* Sources */,
				F9AC05101A7D1A0500F30924 /* Frameworks */,
				F9AC05111A7D1A0500F30924 /* Resources */,
			);
			buildRules = (
			);
			dependencies = (
			);
			name = customCells;
			productName = customCells;
			productReference = F9AC05131A7D1A0500F30924 /* customCells.app */;
			productType = "com.apple.product-type.application";
		};
		F9AC05271A7D1A0500F30924 /* customCellsTests */ = {
			isa = PBXNativeTarget;
			buildConfigurationList = F9AC05351A7D1A0500F30924 /* Build configuration list for PBXNativeTarget "customCellsTests" */;
			buildPhases = (
				F9AC05241A7D1A0500F30924 /* Sources */,
				F9AC05251A7D1A0500F30924 /* Frameworks */,
				F9AC05261A7D1A0500F30924 /* Resources */,
			);
			buildRules = (
			);
			dependencies = (
				F9AC052A1A7D1A0500F30924 /* PBXTargetDependency */,
			);
			name = customCellsTests;
			productName = customCellsTests;
			productReference = F9AC05281A7D1A0500F30924 /* customCellsTests.xctest */;
			productType = "com.apple.product-type.bundle.unit-test";
		};
/* End PBXNativeTarget section */

/* Begin PBXProject section */
		F9AC050B1A7D1A0500F30924 /* Project object */ = {
			isa = PBXProject;
			attributes = {
				LastUpgradeCheck = 0610;
				ORGANIZATIONNAME = kyoji_kuzunoha;
				TargetAttributes = {
					F9AC05121A7D1A0500F30924 = {
						CreatedOnToolsVersion = 6.1.1;
					};
					F9AC05271A7D1A0500F30924 = {
						CreatedOnToolsVersion = 6.1.1;
						TestTargetID = F9AC05121A7D1A0500F30924;
					};
				};
			};
			buildConfigurationList = F9AC050E1A7D1A0500F30924 /* Build configuration list for PBXProject "customCells" */;
			compatibilityVersion = "Xcode 3.2";
			developmentRegion = English;
			hasScannedForEncodings = 0;
			knownRegions = (
				en,
				Base,
			);
			mainGroup = F9AC050A1A7D1A0500F30924;
			productRefGroup = F9AC05141A7D1A0500F30924 /* Products */;
			projectDirPath = "";
			projectRoot = "";
			targets = (
				F9AC05121A7D1A0500F30924 /* customCells */,
				F9AC05271A7D1A0500F30924 /* customCellsTests */,
			);
		};
/* End PBXProject section */

/* Begin PBXResourcesBuildPhase section */
		F9AC05111A7D1A0500F30924 /* Resources */ = {
			isa = PBXResourcesBuildPhase;
			buildActionMask = 2147483647;
			files = (
				F9AC051E1A7D1A0500F30924 /* Main.storyboard in Resources */,
				F9AC05231A7D1A0500F30924 /* LaunchScreen.xib in Resources */,
				F9AC053F1A7D1C0700F30924 /* TVCCellB.xib in Resources */,
				F9AC05201A7D1A0500F30924 /* Images.xcassets in Resources */,
				F9AC053B1A7D1AF800F30924 /* TVCCellA.xib in Resources */,
			);
			runOnlyForDeploymentPostprocessing = 0;
		};
		F9AC05261A7D1A0500F30924 /* Resources */ = {
			isa = PBXResourcesBuildPhase;
			buildActionMask = 2147483647;
			files = (
			);
			runOnlyForDeploymentPostprocessing = 0;
		};
/* End PBXResourcesBuildPhase section */

/* Begin PBXSourcesBuildPhase section */
		F9AC050F1A7D1A0500F30924 /* Sources */ = {
			isa = PBXSourcesBuildPhase;
			buildActionMask = 2147483647;
			files = (
				F9AC053E1A7D1C0700F30924 /* TVCCellB.swift in Sources */,
				F9AC051B1A7D1A0500F30924 /* ViewController.swift in Sources */,
				F9AC05191A7D1A0500F30924 /* AppDelegate.swift in Sources */,
				F9AC053A1A7D1AF800F30924 /* TVCCellA.swift in Sources */,
			);
			runOnlyForDeploymentPostprocessing = 0;
		};
		F9AC05241A7D1A0500F30924 /* Sources */ = {
			isa = PBXSourcesBuildPhase;
			buildActionMask = 2147483647;
			files = (
				F9AC052F1A7D1A0500F30924 /* customCellsTests.swift in Sources */,
			);
			runOnlyForDeploymentPostprocessing = 0;
		};
/* End PBXSourcesBuildPhase section */

/* Begin PBXTargetDependency section */
		F9AC052A1A7D1A0500F30924 /* PBXTargetDependency */ = {
			isa = PBXTargetDependency;
			target = F9AC05121A7D1A0500F30924 /* customCells */;
			targetProxy = F9AC05291A7D1A0500F30924 /* PBXContainerItemProxy */;
		};
/* End PBXTargetDependency section */

/* Begin PBXVariantGroup section */
		F9AC051C1A7D1A0500F30924 /* Main.storyboard */ = {
			isa = PBXVariantGroup;
			children = (
				F9AC051D1A7D1A0500F30924 /* Base */,
			);
			name = Main.storyboard;
			sourceTree = "<group>";
		};
		F9AC05211A7D1A0500F30924 /* LaunchScreen.xib */ = {
			isa = PBXVariantGroup;
			children = (
				F9AC05221A7D1A0500F30924 /* Base */,
			);
			name = LaunchScreen.xib;
			sourceTree = "<group>";
		};
/* End PBXVariantGroup section */

/* Begin XCBuildConfiguration section */
		F9AC05301A7D1A0500F30924 /* Debug */ = {
			isa = XCBuildConfiguration;
			buildSettings = {
				ALWAYS_SEARCH_USER_PATHS = NO;
				CLANG_CXX_LANGUAGE_STANDARD = "gnu++0x";
				CLANG_CXX_LIBRARY = "libc++";
				CLANG_ENABLE_MODULES = YES;
				CLANG_ENABLE_OBJC_ARC = YES;
				CLANG_WARN_BOOL_CONVERSION = YES;
				CLANG_WARN_CONSTANT_CONVERSION = YES;
				CLANG_WARN_DIRECT_OBJC_ISA_USAGE = YES_ERROR;
				CLANG_WARN_EMPTY_BODY = YES;
				CLANG_WARN_ENUM_CONVERSION = YES;
				CLANG_WARN_INT_CONVERSION = YES;
				CLANG_WARN_OBJC_ROOT_CLASS = YES_ERROR;
				CLANG_WARN_UNREACHABLE_CODE = YES;
				CLANG_WARN__DUPLICATE_METHOD_MATCH = YES;
				"CODE_SIGN_IDENTITY[sdk=iphoneos*]" = "iPhone Developer";
				COPY_PHASE_STRIP = NO;
				ENABLE_STRICT_OBJC_MSGSEND = YES;
				GCC_C_LANGUAGE_STANDARD = gnu99;
				GCC_DYNAMIC_NO_PIC = NO;
				GCC_OPTIMIZATION_LEVEL = 0;
				GCC_PREPROCESSOR_DEFINITIONS = (
					"DEBUG=1",
					"$(inherited)",
				);
				GCC_SYMBOLS_PRIVATE_EXTERN = NO;
				GCC_WARN_64_TO_32_BIT_CONVERSION = YES;
				GCC_WARN_ABOUT_RETURN_TYPE = YES_ERROR;
				GCC_WARN_UNDECLARED_SELECTOR = YES;
				GCC_WARN_UNINITIALIZED_AUTOS = YES_AGGRESSIVE;
				GCC_WARN_UNUSED_FUNCTION = YES;
				GCC_WARN_UNUSED_VARIABLE = YES;
				IPHONEOS_DEPLOYMENT_TARGET = 8.1;
				MTL_ENABLE_DEBUG_INFO = YES;
				ONLY_ACTIVE_ARCH = YES;
				SDKROOT = iphoneos;
				SWIFT_OPTIMIZATION_LEVEL = "-Onone";
				TARGETED_DEVICE_FAMILY = "1,2";
			};
			name = Debug;
		};
		F9AC05311A7D1A0500F30924 /* Release */ = {
			isa = XCBuildConfiguration;
			buildSettings = {
				ALWAYS_SEARCH_USER_PATHS = NO;
				CLANG_CXX_LANGUAGE_STANDARD = "gnu++0x";
				CLANG_CXX_LIBRARY = "libc++";
				CLANG_ENABLE_MODULES = YES;
				CLANG_ENABLE_OBJC_ARC = YES;
				CLANG_WARN_BOOL_CONVERSION = YES;
				CLANG_WARN_CONSTANT_CONVERSION = YES;
				CLANG_WARN_DIRECT_OBJC_ISA_USAGE = YES_ERROR;
				CLANG_WARN_EMPTY_BODY = YES;
				CLANG_WARN_ENUM_CONVERSION = YES;
				CLANG_WARN_INT_CONVERSION = YES;
				CLANG_WARN_OBJC_ROOT_CLASS = YES_ERROR;
				CLANG_WARN_UNREACHABLE_CODE = YES;
				CLANG_WARN__DUPLICATE_METHOD_MATCH = YES;
				"CODE_SIGN_IDENTITY[sdk=iphoneos*]" = "iPhone Developer";
				COPY_PHASE_STRIP = YES;
				ENABLE_NS_ASSERTIONS = NO;
				ENABLE_STRICT_OBJC_MSGSEND = YES;
				GCC_C_LANGUAGE_STANDARD = gnu99;
				GCC_WARN_64_TO_32_BIT_CONVERSION = YES;
				GCC_WARN_ABOUT_RETURN_TYPE = YES_ERROR;
				GCC_WARN_UNDECLARED_SELECTOR = YES;
				GCC_WARN_UNINITIALIZED_AUTOS = YES_AGGRESSIVE;
				GCC_WARN_UNUSED_FUNCTION = YES;
				GCC_WARN_UNUSED_VARIABLE = YES;
				IPHONEOS_DEPLOYMENT_TARGET = 8.1;
				MTL_ENABLE_DEBUG_INFO = NO;
				SDKROOT = iphoneos;
				TARGETED_DEVICE_FAMILY = "1,2";
				VALIDATE_PRODUCT = YES;
			};
			name = Release;
		};
		F9AC05331A7D1A0500F30924 /* Debug */ = {
			isa = XCBuildConfiguration;
			buildSettings = {
				ASSETCATALOG_COMPILER_APPICON_NAME = AppIcon;
				INFOPLIST_FILE = customCells/Info.plist;
				LD_RUNPATH_SEARCH_PATHS = "$(inherited) @executable_path/Frameworks";
				PRODUCT_NAME = "$(TARGET_NAME)";
			};
			name = Debug;
		};
		F9AC05341A7D1A0500F30924 /* Release */ = {
			isa = XCBuildConfiguration;
			buildSettings = {
				ASSETCATALOG_COMPILER_APPICON_NAME = AppIcon;
				INFOPLIST_FILE = customCells/Info.plist;
				LD_RUNPATH_SEARCH_PATHS = "$(inherited) @executable_path/Frameworks";
				PRODUCT_NAME = "$(TARGET_NAME)";
			};
			name = Release;
		};
		F9AC05361A7D1A0500F30924 /* Debug */ = {
			isa = XCBuildConfiguration;
			buildSettings = {
				BUNDLE_LOADER = "$(TEST_HOST)";
				FRAMEWORK_SEARCH_PATHS = (
					"$(SDKROOT)/Developer/Library/Frameworks",
					"$(inherited)",
				);
				GCC_PREPROCESSOR_DEFINITIONS = (
					"DEBUG=1",
					"$(inherited)",
				);
				INFOPLIST_FILE = customCellsTests/Info.plist;
				LD_RUNPATH_SEARCH_PATHS = "$(inherited) @executable_path/Frameworks @loader_path/Frameworks";
				PRODUCT_NAME = "$(TARGET_NAME)";
				TEST_HOST = "$(BUILT_PRODUCTS_DIR)/customCells.app/customCells";
			};
			name = Debug;
		};
		F9AC05371A7D1A0500F30924 /* Release */ = {
			isa = XCBuildConfiguration;
			buildSettings = {
				BUNDLE_LOADER = "$(TEST_HOST)";
				FRAMEWORK_SEARCH_PATHS = (
					"$(SDKROOT)/Developer/Library/Frameworks",
					"$(inherited)",
				);
				INFOPLIST_FILE = customCellsTests/Info.plist;
				LD_RUNPATH_SEARCH_PATHS = "$(inherited) @executable_path/Frameworks @loader_path/Frameworks";
				PRODUCT_NAME = "$(TARGET_NAME)";
				TEST_HOST = "$(BUILT_PRODUCTS_DIR)/customCells.app/customCells";
			};
			name = Release;
		};
/* End XCBuildConfiguration section */

/* Begin XCConfigurationList section */
		F9AC050E1A7D1A0500F30924 /* Build configuration list for PBXProject "customCells" */ = {
			isa = XCConfigurationList;
			buildConfigurations = (
				F9AC05301A7D1A0500F30924 /* Debug */,
				F9AC05311A7D1A0500F30924 /* Release */,
			);
			defaultConfigurationIsVisible = 0;
			defaultConfigurationName = Release;
		};
		F9AC05321A7D1A0500F30924 /* Build configuration list for PBXNativeTarget "customCells" */ = {
			isa = XCConfigurationList;
			buildConfigurations = (
				F9AC05331A7D1A0500F30924 /* Debug */,
				F9AC05341A7D1A0500F30924 /* Release */,
			);
			defaultConfigurationIsVisible = 0;
		};
		F9AC05351A7D1A0500F30924 /* Build configuration list for PBXNativeTarget "customCellsTests" */ = {
			isa = XCConfigurationList;
			buildConfigurations = (
				F9AC05361A7D1A0500F30924 /* Debug */,
				F9AC05371A7D1A0500F30924 /* Release */,
			);
			defaultConfigurationIsVisible = 0;
		};
/* End XCConfigurationList section */
	};
	rootObject = F9AC050B1A7D1A0500F30924 /* Project object */;
}
